
Microsoft Visual Studio Solution File, Format Version 12.00
# Visual Studio Version 16
VisualStudioVersion = 16.0.29709.97
MinimumVisualStudioVersion = 10.0.40219.1
Project("{FAE04EC0-301F-11D3-BF4B-00C04F79EFBC}") = "My_GIS_Panorama", "My_GIS_Panorama.csproj", "{020650B0-99B3-4B00-96BB-543F2DA68FD5}"
EndProject
Global
	GlobalSection(SolutionConfigurationPlatforms) = preSolution
		Debug|Any CPU = Debug|Any CPU
		Release|Any CPU = Release|Any CPU
	EndGlobalSection
	GlobalSection(ProjectConfigurationPlatforms) = postSolution
		{020650B0-99B3-4B00-96BB-543F2DA68FD5}.Debug|Any CPU.ActiveCfg = Debug|Any CPU
		{020650B0-99B3-4B00-96BB-543F2DA68FD5}.Debug|Any CPU.Build.0 = Debug|Any CPU
		{020650B0-99B3-4B00-96BB-543F2DA68FD5}.Release|Any CPU.ActiveCfg = Release|Any CPU
		{020650B0-99B3-4B00-96BB-543F2DA68FD5}.Release|Any CPU.Build.0 = Release|Any CPU
	EndGlobalSection
	GlobalSection(SolutionProperties) = preSolution
		HideSolutionNode = FALSE
	EndGlobalSection
	GlobalSection(ExtensibilityGlobals) = postSolution
		SolutionGuid = {E9ACA8B7-F9E3-4301-8A45-03C41F8FCEF2}
	EndGlobalSection
EndGlobal
